
Microsoft Visual Studio Solution File, Format Version 12.00
# Visual Studio Version 16
VisualStudioVersion = 16.0.29905.134
MinimumVisualStudioVersion = 10.0.40219.1
Project("{FAE04EC0-301F-11D3-BF4B-00C04F79EFBC}") = "UWU", "UWU\UWU.csproj", "{B4989253-3818-4DA4-A763-9F047C818B99}"
EndProject
Global
	GlobalSection(SolutionConfigurationPlatforms) = preSolution
		Debug|Any CPU = Debug|Any CPU
		Release|Any CPU = Release|Any CPU
	EndGlobalSection
	GlobalSection(ProjectConfigurationPlatforms) = postSolution
		{B4989253-3818-4DA4-A763-9F047C818B99}.Debug|Any CPU.ActiveCfg = Debug|Any CPU
		{B4989253-3818-4DA4-A763-9F047C818B99}.Debug|Any CPU.Build.0 = Debug|Any CPU
		{B4989253-3818-4DA4-A763-9F047C818B99}.Release|Any CPU.ActiveCfg = Release|Any CPU
		{B4989253-3818-4DA4-A763-9F047C818B99}.Release|Any CPU.Build.0 = Release|Any CPU
	EndGlobalSection
	GlobalSection(SolutionProperties) = preSolution
		HideSolutionNode = FALSE
	EndGlobalSection
	GlobalSection(ExtensibilityGlobals) = postSolution
		SolutionGuid = {DDA86B73-DC99-4ECF-BE0B-331F18A8F7C5}
	EndGlobalSection
EndGlobal
